
Microsoft Visual Studio Solution File, Format Version 12.00
# Visual Studio Version 17
VisualStudioVersion = 17.12.35410.144 d17.12
MinimumVisualStudioVersion = 10.0.40219.1
Project("{FAE04EC0-301F-11D3-BF4B-00C04F79EFBC}") = "LabVersionsHantering", "LabVersionsHantering\LabVersionsHantering.csproj", "{B2221058-6B61-4DB8-87CD-61C3EB6A1434}"
EndProject
Global
	GlobalSection(SolutionConfigurationPlatforms) = preSolution
		Debug|Any CPU = Debug|Any CPU
		Release|Any CPU = Release|Any CPU
	EndGlobalSection
	GlobalSection(ProjectConfigurationPlatforms) = postSolution
		{B2221058-6B61-4DB8-87CD-61C3EB6A1434}.Debug|Any CPU.ActiveCfg = Debug|Any CPU
		{B2221058-6B61-4DB8-87CD-61C3EB6A1434}.Debug|Any CPU.Build.0 = Debug|Any CPU
		{B2221058-6B61-4DB8-87CD-61C3EB6A1434}.Release|Any CPU.ActiveCfg = Release|Any CPU
		{B2221058-6B61-4DB8-87CD-61C3EB6A1434}.Release|Any CPU.Build.0 = Release|Any CPU
	EndGlobalSection
	GlobalSection(SolutionProperties) = preSolution
		HideSolutionNode = FALSE
	EndGlobalSection
EndGlobal
